
Microsoft Visual Studio Solution File, Format Version 12.00
# Visual Studio Version 16
VisualStudioVersion = 16.0.29201.188
MinimumVisualStudioVersion = 10.0.40219.1
Project("{8BC9CEB8-8B4A-11D0-8D11-00A0C91BC942}") = "RPG", "RPG.vcxproj", "{FE4F13FA-D942-449E-BE80-A14A02104138}"
EndProject
Global
	GlobalSection(SolutionConfigurationPlatforms) = preSolution
		Debug|x64 = Debug|x64
		Debug|x86 = Debug|x86
		Release|x64 = Release|x64
		Release|x86 = Release|x86
	EndGlobalSection
	GlobalSection(ProjectConfigurationPlatforms) = postSolution
		{FE4F13FA-D942-449E-BE80-A14A02104138}.Debug|x64.ActiveCfg = Debug|x64
		{FE4F13FA-D942-449E-BE80-A14A02104138}.Debug|x64.Build.0 = Debug|x64
		{FE4F13FA-D942-449E-BE80-A14A02104138}.Debug|x86.ActiveCfg = Debug|Win32
		{FE4F13FA-D942-449E-BE80-A14A02104138}.Debug|x86.Build.0 = Debug|Win32
		{FE4F13FA-D942-449E-BE80-A14A02104138}.Release|x64.ActiveCfg = Release|x64
		{FE4F13FA-D942-449E-BE80-A14A02104138}.Release|x64.Build.0 = Release|x64
		{FE4F13FA-D942-449E-BE80-A14A02104138}.Release|x86.ActiveCfg = Release|Win32
		{FE4F13FA-D942-449E-BE80-A14A02104138}.Release|x86.Build.0 = Release|Win32
	EndGlobalSection
	GlobalSection(SolutionProperties) = preSolution
		HideSolutionNode = FALSE
	EndGlobalSection
	GlobalSection(ExtensibilityGlobals) = postSolution
		SolutionGuid = {8EC66826-645E-4CD0-AA48-89265D51AF15}
	EndGlobalSection
EndGlobal
